
Microsoft Visual Studio Solution File, Format Version 12.00
# Visual Studio Version 17
VisualStudioVersion = 17.0.31903.59
MinimumVisualStudioVersion = 10.0.40219.1
Project("{FAE04EC0-301F-11D3-BF4B-00C04F79EFBC}") = "Bank.Domain", "Bank.Domain\Bank.Domain.csproj", "{7935C323-984B-4C61-A31B-7E847964C77E}"
EndProject
Project("{FAE04EC0-301F-11D3-BF4B-00C04F79EFBC}") = "Bank.Domain.Tests", "Bank.Domain.Tests\Bank.Domain.Tests.csproj", "{5424B892-6F6A-4361-B9F9-EEC187B86A1E}"
EndProject
Global
	GlobalSection(SolutionConfigurationPlatforms) = preSolution
		Debug|Any CPU = Debug|Any CPU
		Release|Any CPU = Release|Any CPU
	EndGlobalSection
	GlobalSection(SolutionProperties) = preSolution
		HideSolutionNode = FALSE
	EndGlobalSection
	GlobalSection(ProjectConfigurationPlatforms) = postSolution
		{7935C323-984B-4C61-A31B-7E847964C77E}.Debug|Any CPU.ActiveCfg = Debug|Any CPU
		{7935C323-984B-4C61-A31B-7E847964C77E}.Debug|Any CPU.Build.0 = Debug|Any CPU
		{7935C323-984B-4C61-A31B-7E847964C77E}.Release|Any CPU.ActiveCfg = Release|Any CPU
		{7935C323-984B-4C61-A31B-7E847964C77E}.Release|Any CPU.Build.0 = Release|Any CPU
		{5424B892-6F6A-4361-B9F9-EEC187B86A1E}.Debug|Any CPU.ActiveCfg = Debug|Any CPU
		{5424B892-6F6A-4361-B9F9-EEC187B86A1E}.Debug|Any CPU.Build.0 = Debug|Any CPU
		{5424B892-6F6A-4361-B9F9-EEC187B86A1E}.Release|Any CPU.ActiveCfg = Release|Any CPU
		{5424B892-6F6A-4361-B9F9-EEC187B86A1E}.Release|Any CPU.Build.0 = Release|Any CPU
	EndGlobalSection
EndGlobal
